// !$*UTF8*$!
{
	archiveVersion = 1;
	classes = {
	};
	objectVersion = 48;
	objects = {

/* Begin PBXBuildFile section */
		EF7DA5072063228700F5F906 /* AppDelegate.m in Sources */ = {isa = PBXBuildFile; fileRef = EF7DA5062063228700F5F906 /* AppDelegate.m */; };
		EF7DA50A2063228700F5F906 /* LaunchesViewController.m in Sources */ = {isa = PBXBuildFile; fileRef = EF7DA5092063228700F5F906 /* LaunchesViewController.m */; };
		EF7DA50D2063228700F5F906 /* Main.storyboard in Resources */ = {isa = PBXBuildFile; fileRef = EF7DA50B2063228700F5F906 /* Main.storyboard */; };
		EF7DA50F2063228700F5F906 /* Assets.xcassets in Resources */ = {isa = PBXBuildFile; fileRef = EF7DA50E2063228700F5F906 /* Assets.xcassets */; };
		EF7DA5122063228700F5F906 /* LaunchScreen.storyboard in Resources */ = {isa = PBXBuildFile; fileRef = EF7DA5102063228700F5F906 /* LaunchScreen.storyboard */; };
		EF7DA5152063228700F5F906 /* main.m in Sources */ = {isa = PBXBuildFile; fileRef = EF7DA5142063228700F5F906 /* main.m */; };
		EF7DA5202063343E00F5F906 /* LaunchInfoCell.m in Sources */ = {isa = PBXBuildFile; fileRef = EF7DA51F2063343E00F5F906 /* LaunchInfoCell.m */; };
		EF7DA523206334ED00F5F906 /* Launch.m in Sources */ = {isa = PBXBuildFile; fileRef = EF7DA522206334ED00F5F906 /* Launch.m */; };
		EF7DA52620635D7A00F5F906 /* HTTPService.m in Sources */ = {isa = PBXBuildFile; fileRef = EF7DA52520635D7A00F5F906 /* HTTPService.m */; };
		EF7DA5292064AA8B00F5F906 /* FilterViewController.m in Sources */ = {isa = PBXBuildFile; fileRef = EF7DA5282064AA8B00F5F906 /* FilterViewController.m */; };
/* End PBXBuildFile section */

/* Begin PBXFileReference section */
		EF7DA5022063228700F5F906 /* SpaceX News.app */ = {isa = PBXFileReference; explicitFileType = wrapper.application; includeInIndex = 0; path = "SpaceX News.app"; sourceTree = BUILT_PRODUCTS_DIR; };
		EF7DA5052063228700F5F906 /* AppDelegate.h */ = {isa = PBXFileReference; lastKnownFileType = sourcecode.c.h; path = AppDelegate.h; sourceTree = "<group>"; };
		EF7DA5062063228700F5F906 /* AppDelegate.m */ = {isa = PBXFileReference; lastKnownFileType = sourcecode.c.objc; path = AppDelegate.m; sourceTree = "<group>"; };
		EF7DA5082063228700F5F906 /* LaunchesViewController.h */ = {isa = PBXFileReference; lastKnownFileType = sourcecode.c.h; path = LaunchesViewController.h; sourceTree = "<group>"; };
		EF7DA5092063228700F5F906 /* LaunchesViewController.m */ = {isa = PBXFileReference; lastKnownFileType = sourcecode.c.objc; path = LaunchesViewController.m; sourceTree = "<group>"; };
		EF7DA50C2063228700F5F906 /* Base */ = {isa = PBXFileReference; lastKnownFileType = file.storyboard; name = Base; path = Base.lproj/Main.storyboard; sourceTree = "<group>"; };
		EF7DA50E2063228700F5F906 /* Assets.xcassets */ = {isa = PBXFileReference; lastKnownFileType = folder.assetcatalog; path = Assets.xcassets; sourceTree = "<group>"; };
		EF7DA5112063228700F5F906 /* Base */ = {isa = PBXFileReference; lastKnownFileType = file.storyboard; name = Base; path = Base.lproj/LaunchScreen.storyboard; sourceTree = "<group>"; };
		EF7DA5132063228700F5F906 /* Info.plist */ = {isa = PBXFileReference; lastKnownFileType = text.plist.xml; path = Info.plist; sourceTree = "<group>"; };
		EF7DA5142063228700F5F906 /* main.m */ = {isa = PBXFileReference; lastKnownFileType = sourcecode.c.objc; path = main.m; sourceTree = "<group>"; };
		EF7DA51E2063343E00F5F906 /* LaunchInfoCell.h */ = {isa = PBXFileReference; lastKnownFileType = sourcecode.c.h; path = LaunchInfoCell.h; sourceTree = "<group>"; };
		EF7DA51F2063343E00F5F906 /* LaunchInfoCell.m */ = {isa = PBXFileReference; lastKnownFileType = sourcecode.c.objc; path = LaunchInfoCell.m; sourceTree = "<group>"; };
		EF7DA521206334ED00F5F906 /* Launch.h */ = {isa = PBXFileReference; lastKnownFileType = sourcecode.c.h; path = Launch.h; sourceTree = "<group>"; };
		EF7DA522206334ED00F5F906 /* Launch.m */ = {isa = PBXFileReference; lastKnownFileType = sourcecode.c.objc; path = Launch.m; sourceTree = "<group>"; };
		EF7DA52420635D7A00F5F906 /* HTTPService.h */ = {isa = PBXFileReference; lastKnownFileType = sourcecode.c.h; path = HTTPService.h; sourceTree = "<group>"; };
		EF7DA52520635D7A00F5F906 /* HTTPService.m */ = {isa = PBXFileReference; lastKnownFileType = sourcecode.c.objc; path = HTTPService.m; sourceTree = "<group>"; };
		EF7DA5272064AA8B00F5F906 /* FilterViewController.h */ = {isa = PBXFileReference; lastKnownFileType = sourcecode.c.h; path = FilterViewController.h; sourceTree = "<group>"; };
		EF7DA5282064AA8B00F5F906 /* FilterViewController.m */ = {isa = PBXFileReference; lastKnownFileType = sourcecode.c.objc; path = FilterViewController.m; sourceTree = "<group>"; };
/* End PBXFileReference section */

/* Begin PBXFrameworksBuildPhase section */
		EF7DA4FF2063228700F5F906 /* Frameworks */ = {
			isa = PBXFrameworksBuildPhase;
			buildActionMask = 2147483647;
			files = (
			);
			runOnlyForDeploymentPostprocessing = 0;
		};
/* End PBXFrameworksBuildPhase section */

/* Begin PBXGroup section */
		EF7DA4F92063228700F5F906 = {
			isa = PBXGroup;
			children = (
				EF7DA5042063228700F5F906 /* SpaceX News */,
				EF7DA5032063228700F5F906 /* Products */,
			);
			sourceTree = "<group>";
		};
		EF7DA5032063228700F5F906 /* Products */ = {
			isa = PBXGroup;
			children = (
				EF7DA5022063228700F5F906 /* SpaceX News.app */,
			);
			name = Products;
			sourceTree = "<group>";
		};
		EF7DA5042063228700F5F906 /* SpaceX News */ = {
			isa = PBXGroup;
			children = (
				EF7DA51D206333DC00F5F906 /* Models */,
				EF7DA51C206333CA00F5F906 /* Views */,
				EF7DA51B2063332600F5F906 /* Controllers */,
				EF7DA5052063228700F5F906 /* AppDelegate.h */,
				EF7DA5062063228700F5F906 /* AppDelegate.m */,
				EF7DA50B2063228700F5F906 /* Main.storyboard */,
				EF7DA50E2063228700F5F906 /* Assets.xcassets */,
				EF7DA5102063228700F5F906 /* LaunchScreen.storyboard */,
				EF7DA5132063228700F5F906 /* Info.plist */,
				EF7DA5142063228700F5F906 /* main.m */,
			);
			path = "SpaceX News";
			sourceTree = "<group>";
		};
		EF7DA51B2063332600F5F906 /* Controllers */ = {
			isa = PBXGroup;
			children = (
				EF7DA5082063228700F5F906 /* LaunchesViewController.h */,
				EF7DA5092063228700F5F906 /* LaunchesViewController.m */,
				EF7DA5272064AA8B00F5F906 /* FilterViewController.h */,
				EF7DA5282064AA8B00F5F906 /* FilterViewController.m */,
			);
			path = Controllers;
			sourceTree = "<group>";
		};
		EF7DA51C206333CA00F5F906 /* Views */ = {
			isa = PBXGroup;
			children = (
				EF7DA51E2063343E00F5F906 /* LaunchInfoCell.h */,
				EF7DA51F2063343E00F5F906 /* LaunchInfoCell.m */,
			);
			path = Views;
			sourceTree = "<group>";
		};
		EF7DA51D206333DC00F5F906 /* Models */ = {
			isa = PBXGroup;
			children = (
				EF7DA521206334ED00F5F906 /* Launch.h */,
				EF7DA522206334ED00F5F906 /* Launch.m */,
				EF7DA52420635D7A00F5F906 /* HTTPService.h */,
				EF7DA52520635D7A00F5F906 /* HTTPService.m */,
			);
			path = Models;
			sourceTree = "<group>";
		};
/* End PBXGroup section */

/* Begin PBXNativeTarget section */
		EF7DA5012063228700F5F906 /* SpaceX News */ = {
			isa = PBXNativeTarget;
			buildConfigurationList = EF7DA5182063228700F5F906 /* Build configuration list for PBXNativeTarget "SpaceX News" */;
			buildPhases = (
				EF7DA4FE2063228700F5F906 /* Sources */,
				EF7DA4FF2063228700F5F906 /* Frameworks */,
				EF7DA5002063228700F5F906 /* Resources */,
			);
			buildRules = (
			);
			dependencies = (
			);
			name = "SpaceX News";
			productName = "SpaceX News";
			productReference = EF7DA5022063228700F5F906 /* SpaceX News.app */;
			productType = "com.apple.product-type.application";
		};
/* End PBXNativeTarget section */

/* Begin PBXProject section */
		EF7DA4FA2063228700F5F906 /* Project object */ = {
			isa = PBXProject;
			attributes = {
				LastUpgradeCheck = 0920;
				ORGANIZATIONNAME = "Jimit Shah";
				TargetAttributes = {
					EF7DA5012063228700F5F906 = {
						CreatedOnToolsVersion = 9.2;
						ProvisioningStyle = Automatic;
					};
				};
			};
			buildConfigurationList = EF7DA4FD2063228700F5F906 /* Build configuration list for PBXProject "SpaceX News" */;
			compatibilityVersion = "Xcode 8.0";
			developmentRegion = en;
			hasScannedForEncodings = 0;
			knownRegions = (
				en,
				Base,
			);
			mainGroup = EF7DA4F92063228700F5F906;
			productRefGroup = EF7DA5032063228700F5F906 /* Products */;
			projectDirPath = "";
			projectRoot = "";
			targets = (
				EF7DA5012063228700F5F906 /* SpaceX News */,
			);
		};
/* End PBXProject section */

/* Begin PBXResourcesBuildPhase section */
		EF7DA5002063228700F5F906 /* Resources */ = {
			isa = PBXResourcesBuildPhase;
			buildActionMask = 2147483647;
			files = (
				EF7DA5122063228700F5F906 /* LaunchScreen.storyboard in Resources */,
				EF7DA50F2063228700F5F906 /* Assets.xcassets in Resources */,
				EF7DA50D2063228700F5F906 /* Main.storyboard in Resources */,
			);
			runOnlyForDeploymentPostprocessing = 0;
		};
/* End PBXResourcesBuildPhase section */

/* Begin PBXSourcesBuildPhase section */
		EF7DA4FE2063228700F5F906 /* Sources */ = {
			isa = PBXSourcesBuildPhase;
			buildActionMask = 2147483647;
			files = (
				EF7DA50A2063228700F5F906 /* LaunchesViewController.m in Sources */,
				EF7DA5152063228700F5F906 /* main.m in Sources */,
				EF7DA523206334ED00F5F906 /* Launch.m in Sources */,
				EF7DA52620635D7A00F5F906 /* HTTPService.m in Sources */,
				EF7DA5292064AA8B00F5F906 /* FilterViewController.m in Sources */,
				EF7DA5202063343E00F5F906 /* LaunchInfoCell.m in Sources */,
				EF7DA5072063228700F5F906 /* AppDelegate.m in Sources */,
			);
			runOnlyForDeploymentPostprocessing = 0;
		};
/* End PBXSourcesBuildPhase section */

/* Begin PBXVariantGroup section */
		EF7DA50B2063228700F5F906 /* Main.storyboard */ = {
			isa = PBXVariantGroup;
			children = (
				EF7DA50C2063228700F5F906 /* Base */,
			);
			name = Main.storyboard;
			sourceTree = "<group>";
		};
		EF7DA5102063228700F5F906 /* LaunchScreen.storyboard */ = {
			isa = PBXVariantGroup;
			children = (
				EF7DA5112063228700F5F906 /* Base */,
			);
			name = LaunchScreen.storyboard;
			sourceTree = "<group>";
		};
/* End PBXVariantGroup section */

/* Begin XCBuildConfiguration section */
		EF7DA5162063228700F5F906 /* Debug */ = {
			isa = XCBuildConfiguration;
			buildSettings = {
				ALWAYS_SEARCH_USER_PATHS = NO;
				CLANG_ANALYZER_NONNULL = YES;
				CLANG_ANALYZER_NUMBER_OBJECT_CONVERSION = YES_AGGRESSIVE;
				CLANG_CXX_LANGUAGE_STANDARD = "gnu++14";
				CLANG_CXX_LIBRARY = "libc++";
				CLANG_ENABLE_MODULES = YES;
				CLANG_ENABLE_OBJC_ARC = YES;
				CLANG_WARN_BLOCK_CAPTURE_AUTORELEASING = YES;
				CLANG_WARN_BOOL_CONVERSION = YES;
				CLANG_WARN_COMMA = YES;
				CLANG_WARN_CONSTANT_CONVERSION = YES;
				CLANG_WARN_DIRECT_OBJC_ISA_USAGE = YES_ERROR;
				CLANG_WARN_DOCUMENTATION_COMMENTS = YES;
				CLANG_WARN_EMPTY_BODY = YES;
				CLANG_WARN_ENUM_CONVERSION = YES;
				CLANG_WARN_INFINITE_RECURSION = YES;
				CLANG_WARN_INT_CONVERSION = YES;
				CLANG_WARN_NON_LITERAL_NULL_CONVERSION = YES;
				CLANG_WARN_OBJC_LITERAL_CONVERSION = YES;
				CLANG_WARN_OBJC_ROOT_CLASS = YES_ERROR;
				CLANG_WARN_RANGE_LOOP_ANALYSIS = YES;
				CLANG_WARN_STRICT_PROTOTYPES = YES;
				CLANG_WARN_SUSPICIOUS_MOVE = YES;
				CLANG_WARN_UNGUARDED_AVAILABILITY = YES_AGGRESSIVE;
				CLANG_WARN_UNREACHABLE_CODE = YES;
				CLANG_WARN__DUPLICATE_METHOD_MATCH = YES;
				CODE_SIGN_IDENTITY = "iPhone Developer";
				COPY_PHASE_STRIP = NO;
				DEBUG_INFORMATION_FORMAT = dwarf;
				ENABLE_STRICT_OBJC_MSGSEND = YES;
				ENABLE_TESTABILITY = YES;
				GCC_C_LANGUAGE_STANDARD = gnu11;
				GCC_DYNAMIC_NO_PIC = NO;
				GCC_NO_COMMON_BLOCKS = YES;
				GCC_OPTIMIZATION_LEVEL = 0;
				GCC_PREPROCESSOR_DEFINITIONS = (
					"DEBUG=1",
					"$(inherited)",
				);
				GCC_WARN_64_TO_32_BIT_CONVERSION = YES;
				GCC_WARN_ABOUT_RETURN_TYPE = YES_ERROR;
				GCC_WARN_UNDECLARED_SELECTOR = YES;
				GCC_WARN_UNINITIALIZED_AUTOS = YES_AGGRESSIVE;
				GCC_WARN_UNUSED_FUNCTION = YES;
				GCC_WARN_UNUSED_VARIABLE = YES;
				IPHONEOS_DEPLOYMENT_TARGET = 11.2;
				MTL_ENABLE_DEBUG_INFO = YES;
				ONLY_ACTIVE_ARCH = YES;
				SDKROOT = iphoneos;
			};
			name = Debug;
		};
		EF7DA5172063228700F5F906 /* Release */ = {
			isa = XCBuildConfiguration;
			buildSettings = {
				ALWAYS_SEARCH_USER_PATHS = NO;
				CLANG_ANALYZER_NONNULL = YES;
				CLANG_ANALYZER_NUMBER_OBJECT_CONVERSION = YES_AGGRESSIVE;
				CLANG_CXX_LANGUAGE_STANDARD = "gnu++14";
				CLANG_CXX_LIBRARY = "libc++";
				CLANG_ENABLE_MODULES = YES;
				CLANG_ENABLE_OBJC_ARC = YES;
				CLANG_WARN_BLOCK_CAPTURE_AUTORELEASING = YES;
				CLANG_WARN_BOOL_CONVERSION = YES;
				CLANG_WARN_COMMA = YES;
				CLANG_WARN_CONSTANT_CONVERSION = YES;
				CLANG_WARN_DIRECT_OBJC_ISA_USAGE = YES_ERROR;
				CLANG_WARN_DOCUMENTATION_COMMENTS = YES;
				CLANG_WARN_EMPTY_BODY = YES;
				CLANG_WARN_ENUM_CONVERSION = YES;
				CLANG_WARN_INFINITE_RECURSION = YES;
				CLANG_WARN_INT_CONVERSION = YES;
				CLANG_WARN_NON_LITERAL_NULL_CONVERSION = YES;
				CLANG_WARN_OBJC_LITERAL_CONVERSION = YES;
				CLANG_WARN_OBJC_ROOT_CLASS = YES_ERROR;
				CLANG_WARN_RANGE_LOOP_ANALYSIS = YES;
				CLANG_WARN_STRICT_PROTOTYPES = YES;
				CLANG_WARN_SUSPICIOUS_MOVE = YES;
				CLANG_WARN_UNGUARDED_AVAILABILITY = YES_AGGRESSIVE;
				CLANG_WARN_UNREACHABLE_CODE = YES;
				CLANG_WARN__DUPLICATE_METHOD_MATCH = YES;
				CODE_SIGN_IDENTITY = "iPhone Developer";
				COPY_PHASE_STRIP = NO;
				DEBUG_INFORMATION_FORMAT = "dwarf-with-dsym";
				ENABLE_NS_ASSERTIONS = NO;
				ENABLE_STRICT_OBJC_MSGSEND = YES;
				GCC_C_LANGUAGE_STANDARD = gnu11;
				GCC_NO_COMMON_BLOCKS = YES;
				GCC_WARN_64_TO_32_BIT_CONVERSION = YES;
				GCC_WARN_ABOUT_RETURN_TYPE = YES_ERROR;
				GCC_WARN_UNDECLARED_SELECTOR = YES;
				GCC_WARN_UNINITIALIZED_AUTOS = YES_AGGRESSIVE;
				GCC_WARN_UNUSED_FUNCTION = YES;
				GCC_WARN_UNUSED_VARIABLE = YES;
				IPHONEOS_DEPLOYMENT_TARGET = 11.2;
				MTL_ENABLE_DEBUG_INFO = NO;
				SDKROOT = iphoneos;
				VALIDATE_PRODUCT = YES;
			};
			name = Release;
		};
		EF7DA5192063228700F5F906 /* Debug */ = {
			isa = XCBuildConfiguration;
			buildSettings = {
				ASSETCATALOG_COMPILER_APPICON_NAME = AppIcon;
				CODE_SIGN_STYLE = Automatic;
				DEVELOPMENT_TEAM = R98NQ2F62J;
				INFOPLIST_FILE = "SpaceX News/Info.plist";
				LD_RUNPATH_SEARCH_PATHS = "$(inherited) @executable_path/Frameworks";
				PRODUCT_BUNDLE_IDENTIFIER = "com.jimitshah.SpaceX-News";
				PRODUCT_NAME = "$(TARGET_NAME)";
				TARGETED_DEVICE_FAMILY = "1,2";
			};
			name = Debug;
		};
		EF7DA51A2063228700F5F906 /* Release */ = {
			isa = XCBuildConfiguration;
			buildSettings = {
				ASSETCATALOG_COMPILER_APPICON_NAME = AppIcon;
				CODE_SIGN_STYLE = Automatic;
				DEVELOPMENT_TEAM = R98NQ2F62J;
				INFOPLIST_FILE = "SpaceX News/Info.plist";
				LD_RUNPATH_SEARCH_PATHS = "$(inherited) @executable_path/Frameworks";
				PRODUCT_BUNDLE_IDENTIFIER = "com.jimitshah.SpaceX-News";
				PRODUCT_NAME = "$(TARGET_NAME)";
				TARGETED_DEVICE_FAMILY = "1,2";
			};
			name = Release;
		};
/* End XCBuildConfiguration section */

/* Begin XCConfigurationList section */
		EF7DA4FD2063228700F5F906 /* Build configuration list for PBXProject "SpaceX News" */ = {
			isa = XCConfigurationList;
			buildConfigurations = (
				EF7DA5162063228700F5F906 /* Debug */,
				EF7DA5172063228700F5F906 /* Release */,
			);
			defaultConfigurationIsVisible = 0;
			defaultConfigurationName = Release;
		};
		EF7DA5182063228700F5F906 /* Build configuration list for PBXNativeTarget "SpaceX News" */ = {
			isa = XCConfigurationList;
			buildConfigurations = (
				EF7DA5192063228700F5F906 /* Debug */,
				EF7DA51A2063228700F5F906 /* Release */,
			);
			defaultConfigurationIsVisible = 0;
			defaultConfigurationName = Release;
		};
/* End XCConfigurationList section */
	};
	rootObject = EF7DA4FA2063228700F5F906 /* Project object */;
}
